// !$*UTF8*$!
{
	archiveVersion = 1;
	classes = {
	};
	objectVersion = 50;
	objects = {

/* Begin PBXBuildFile section */
		012D8FA521FEF69200675F9B /* AppDelegate.swift in Sources */ = {isa = PBXBuildFile; fileRef = 012D8FA421FEF69200675F9B /* AppDelegate.swift */; };
		012D8FA721FEF69200675F9B /* ViewController.swift in Sources */ = {isa = PBXBuildFile; fileRef = 012D8FA621FEF69200675F9B /* ViewController.swift */; };
		012D8FAA21FEF69200675F9B /* Main.storyboard in Resources */ = {isa = PBXBuildFile; fileRef = 012D8FA821FEF69200675F9B /* Main.storyboard */; };
		012D8FAC21FEF69800675F9B /* Assets.xcassets in Resources */ = {isa = PBXBuildFile; fileRef = 012D8FAB21FEF69800675F9B /* Assets.xcassets */; };
		012D8FAF21FEF69800675F9B /* LaunchScreen.storyboard in Resources */ = {isa = PBXBuildFile; fileRef = 012D8FAD21FEF69800675F9B /* LaunchScreen.storyboard */; };
		012D8FBB21FEF82200675F9B /* Model.xcdatamodeld in Sources */ = {isa = PBXBuildFile; fileRef = 012D8FB921FEF82200675F9B /* Model.xcdatamodeld */; };
		012D8FBD21FEF96100675F9B /* NotesDAO.swift in Sources */ = {isa = PBXBuildFile; fileRef = 012D8FBC21FEF96100675F9B /* NotesDAO.swift */; };
		012D8FBF21FF080000675F9B /* NoteViewController.swift in Sources */ = {isa = PBXBuildFile; fileRef = 012D8FBE21FF080000675F9B /* NoteViewController.swift */; };
/* End PBXBuildFile section */

/* Begin PBXFileReference section */
		012D8FA121FEF69200675F9B /* Kick Ass Notes.app */ = {isa = PBXFileReference; explicitFileType = wrapper.application; includeInIndex = 0; path = "Kick Ass Notes.app"; sourceTree = BUILT_PRODUCTS_DIR; };
		012D8FA421FEF69200675F9B /* AppDelegate.swift */ = {isa = PBXFileReference; lastKnownFileType = sourcecode.swift; path = AppDelegate.swift; sourceTree = "<group>"; };
		012D8FA621FEF69200675F9B /* ViewController.swift */ = {isa = PBXFileReference; lastKnownFileType = sourcecode.swift; path = ViewController.swift; sourceTree = "<group>"; };
		012D8FA921FEF69200675F9B /* Base */ = {isa = PBXFileReference; lastKnownFileType = file.storyboard; name = Base; path = Base.lproj/Main.storyboard; sourceTree = "<group>"; };
		012D8FAB21FEF69800675F9B /* Assets.xcassets */ = {isa = PBXFileReference; lastKnownFileType = folder.assetcatalog; path = Assets.xcassets; sourceTree = "<group>"; };
		012D8FAE21FEF69800675F9B /* Base */ = {isa = PBXFileReference; lastKnownFileType = file.storyboard; name = Base; path = Base.lproj/LaunchScreen.storyboard; sourceTree = "<group>"; };
		012D8FB021FEF69800675F9B /* Info.plist */ = {isa = PBXFileReference; lastKnownFileType = text.plist.xml; path = Info.plist; sourceTree = "<group>"; };
		012D8FBA21FEF82200675F9B /* Model.xcdatamodel */ = {isa = PBXFileReference; lastKnownFileType = wrapper.xcdatamodel; path = Model.xcdatamodel; sourceTree = "<group>"; };
		012D8FBC21FEF96100675F9B /* NotesDAO.swift */ = {isa = PBXFileReference; lastKnownFileType = sourcecode.swift; path = NotesDAO.swift; sourceTree = "<group>"; };
		012D8FBE21FF080000675F9B /* NoteViewController.swift */ = {isa = PBXFileReference; lastKnownFileType = sourcecode.swift; path = NoteViewController.swift; sourceTree = "<group>"; };
/* End PBXFileReference section */

/* Begin PBXFrameworksBuildPhase section */
		012D8F9E21FEF69200675F9B /* Frameworks */ = {
			isa = PBXFrameworksBuildPhase;
			buildActionMask = 2147483647;
			files = (
			);
			runOnlyForDeploymentPostprocessing = 0;
		};
/* End PBXFrameworksBuildPhase section */

/* Begin PBXGroup section */
		012D8F9821FEF69200675F9B = {
			isa = PBXGroup;
			children = (
				012D8FA321FEF69200675F9B /* Kick Ass Notes */,
				012D8FA221FEF69200675F9B /* Products */,
			);
			sourceTree = "<group>";
		};
		012D8FA221FEF69200675F9B /* Products */ = {
			isa = PBXGroup;
			children = (
				012D8FA121FEF69200675F9B /* Kick Ass Notes.app */,
			);
			name = Products;
			sourceTree = "<group>";
		};
		012D8FA321FEF69200675F9B /* Kick Ass Notes */ = {
			isa = PBXGroup;
			children = (
				012D8FAB21FEF69800675F9B /* Assets.xcassets */,
				012D8FB021FEF69800675F9B /* Info.plist */,
				012D8FA421FEF69200675F9B /* AppDelegate.swift */,
				012D8FB821FEF76C00675F9B /* model */,
				012D8FB721FEF74D00675F9B /* Controller */,
				012D8FB621FEF72A00675F9B /* view */,
			);
			path = "Kick Ass Notes";
			sourceTree = "<group>";
		};
		012D8FB621FEF72A00675F9B /* view */ = {
			isa = PBXGroup;
			children = (
				012D8FAD21FEF69800675F9B /* LaunchScreen.storyboard */,
				012D8FA821FEF69200675F9B /* Main.storyboard */,
			);
			path = view;
			sourceTree = "<group>";
		};
		012D8FB721FEF74D00675F9B /* Controller */ = {
			isa = PBXGroup;
			children = (
				012D8FA621FEF69200675F9B /* ViewController.swift */,
				012D8FBE21FF080000675F9B /* NoteViewController.swift */,
			);
			path = Controller;
			sourceTree = "<group>";
		};
		012D8FB821FEF76C00675F9B /* model */ = {
			isa = PBXGroup;
			children = (
				012D8FB921FEF82200675F9B /* Model.xcdatamodeld */,
				012D8FBC21FEF96100675F9B /* NotesDAO.swift */,
			);
			path = model;
			sourceTree = "<group>";
		};
/* End PBXGroup section */

/* Begin PBXNativeTarget section */
		012D8FA021FEF69200675F9B /* Kick Ass Notes */ = {
			isa = PBXNativeTarget;
			buildConfigurationList = 012D8FB321FEF69800675F9B /* Build configuration list for PBXNativeTarget "Kick Ass Notes" */;
			buildPhases = (
				012D8F9D21FEF69200675F9B /* Sources */,
				012D8F9E21FEF69200675F9B /* Frameworks */,
				012D8F9F21FEF69200675F9B /* Resources */,
			);
			buildRules = (
			);
			dependencies = (
			);
			name = "Kick Ass Notes";
			productName = "Kick Ass Notes";
			productReference = 012D8FA121FEF69200675F9B /* Kick Ass Notes.app */;
			productType = "com.apple.product-type.application";
		};
/* End PBXNativeTarget section */

/* Begin PBXProject section */
		012D8F9921FEF69200675F9B /* Project object */ = {
			isa = PBXProject;
			attributes = {
				LastSwiftUpdateCheck = 1010;
				LastUpgradeCheck = 1010;
				ORGANIZATIONNAME = mobapp12;
				TargetAttributes = {
					012D8FA021FEF69200675F9B = {
						CreatedOnToolsVersion = 10.1;
					};
				};
			};
			buildConfigurationList = 012D8F9C21FEF69200675F9B /* Build configuration list for PBXProject "Kick Ass Notes" */;
			compatibilityVersion = "Xcode 9.3";
			developmentRegion = en;
			hasScannedForEncodings = 0;
			knownRegions = (
				en,
				Base,
			);
			mainGroup = 012D8F9821FEF69200675F9B;
			productRefGroup = 012D8FA221FEF69200675F9B /* Products */;
			projectDirPath = "";
			projectRoot = "";
			targets = (
				012D8FA021FEF69200675F9B /* Kick Ass Notes */,
			);
		};
/* End PBXProject section */

/* Begin PBXResourcesBuildPhase section */
		012D8F9F21FEF69200675F9B /* Resources */ = {
			isa = PBXResourcesBuildPhase;
			buildActionMask = 2147483647;
			files = (
				012D8FAF21FEF69800675F9B /* LaunchScreen.storyboard in Resources */,
				012D8FAC21FEF69800675F9B /* Assets.xcassets in Resources */,
				012D8FAA21FEF69200675F9B /* Main.storyboard in Resources */,
			);
			runOnlyForDeploymentPostprocessing = 0;
		};
/* End PBXResourcesBuildPhase section */

/* Begin PBXSourcesBuildPhase section */
		012D8F9D21FEF69200675F9B /* Sources */ = {
			isa = PBXSourcesBuildPhase;
			buildActionMask = 2147483647;
			files = (
				012D8FA721FEF69200675F9B /* ViewController.swift in Sources */,
				012D8FA521FEF69200675F9B /* AppDelegate.swift in Sources */,
				012D8FBD21FEF96100675F9B /* NotesDAO.swift in Sources */,
				012D8FBF21FF080000675F9B /* NoteViewController.swift in Sources */,
				012D8FBB21FEF82200675F9B /* Model.xcdatamodeld in Sources */,
			);
			runOnlyForDeploymentPostprocessing = 0;
		};
/* End PBXSourcesBuildPhase section */

/* Begin PBXVariantGroup section */
		012D8FA821FEF69200675F9B /* Main.storyboard */ = {
			isa = PBXVariantGroup;
			children = (
				012D8FA921FEF69200675F9B /* Base */,
			);
			name = Main.storyboard;
			sourceTree = "<group>";
		};
		012D8FAD21FEF69800675F9B /* LaunchScreen.storyboard */ = {
			isa = PBXVariantGroup;
			children = (
				012D8FAE21FEF69800675F9B /* Base */,
			);
			name = LaunchScreen.storyboard;
			sourceTree = "<group>";
		};
/* End PBXVariantGroup section */

/* Begin XCBuildConfiguration section */
		012D8FB121FEF69800675F9B /* Debug */ = {
			isa = XCBuildConfiguration;
			buildSettings = {
				ALWAYS_SEARCH_USER_PATHS = NO;
				CLANG_ANALYZER_NONNULL = YES;
				CLANG_ANALYZER_NUMBER_OBJECT_CONVERSION = YES_AGGRESSIVE;
				CLANG_CXX_LANGUAGE_STANDARD = "gnu++14";
				CLANG_CXX_LIBRARY = "libc++";
				CLANG_ENABLE_MODULES = YES;
				CLANG_ENABLE_OBJC_ARC = YES;
				CLANG_ENABLE_OBJC_WEAK = YES;
				CLANG_WARN_BLOCK_CAPTURE_AUTORELEASING = YES;
				CLANG_WARN_BOOL_CONVERSION = YES;
				CLANG_WARN_COMMA = YES;
				CLANG_WARN_CONSTANT_CONVERSION = YES;
				CLANG_WARN_DEPRECATED_OBJC_IMPLEMENTATIONS = YES;
				CLANG_WARN_DIRECT_OBJC_ISA_USAGE = YES_ERROR;
				CLANG_WARN_DOCUMENTATION_COMMENTS = YES;
				CLANG_WARN_EMPTY_BODY = YES;
				CLANG_WARN_ENUM_CONVERSION = YES;
				CLANG_WARN_INFINITE_RECURSION = YES;
				CLANG_WARN_INT_CONVERSION = YES;
				CLANG_WARN_NON_LITERAL_NULL_CONVERSION = YES;
				CLANG_WARN_OBJC_IMPLICIT_RETAIN_SELF = YES;
				CLANG_WARN_OBJC_LITERAL_CONVERSION = YES;
				CLANG_WARN_OBJC_ROOT_CLASS = YES_ERROR;
				CLANG_WARN_RANGE_LOOP_ANALYSIS = YES;
				CLANG_WARN_STRICT_PROTOTYPES = YES;
				CLANG_WARN_SUSPICIOUS_MOVE = YES;
				CLANG_WARN_UNGUARDED_AVAILABILITY = YES_AGGRESSIVE;
				CLANG_WARN_UNREACHABLE_CODE = YES;
				CLANG_WARN__DUPLICATE_METHOD_MATCH = YES;
				CODE_SIGN_IDENTITY = "iPhone Developer";
				COPY_PHASE_STRIP = NO;
				DEBUG_INFORMATION_FORMAT = dwarf;
				ENABLE_STRICT_OBJC_MSGSEND = YES;
				ENABLE_TESTABILITY = YES;
				GCC_C_LANGUAGE_STANDARD = gnu11;
				GCC_DYNAMIC_NO_PIC = NO;
				GCC_NO_COMMON_BLOCKS = YES;
				GCC_OPTIMIZATION_LEVEL = 0;
				GCC_PREPROCESSOR_DEFINITIONS = (
					"DEBUG=1",
					"$(inherited)",
				);
				GCC_WARN_64_TO_32_BIT_CONVERSION = YES;
				GCC_WARN_ABOUT_RETURN_TYPE = YES_ERROR;
				GCC_WARN_UNDECLARED_SELECTOR = YES;
				GCC_WARN_UNINITIALIZED_AUTOS = YES_AGGRESSIVE;
				GCC_WARN_UNUSED_FUNCTION = YES;
				GCC_WARN_UNUSED_VARIABLE = YES;
				IPHONEOS_DEPLOYMENT_TARGET = 12.1;
				MTL_ENABLE_DEBUG_INFO = INCLUDE_SOURCE;
				MTL_FAST_MATH = YES;
				ONLY_ACTIVE_ARCH = YES;
				SDKROOT = iphoneos;
				SWIFT_ACTIVE_COMPILATION_CONDITIONS = DEBUG;
				SWIFT_OPTIMIZATION_LEVEL = "-Onone";
			};
			name = Debug;
		};
		012D8FB221FEF69800675F9B /* Release */ = {
			isa = XCBuildConfiguration;
			buildSettings = {
				ALWAYS_SEARCH_USER_PATHS = NO;
				CLANG_ANALYZER_NONNULL = YES;
				CLANG_ANALYZER_NUMBER_OBJECT_CONVERSION = YES_AGGRESSIVE;
				CLANG_CXX_LANGUAGE_STANDARD = "gnu++14";
				CLANG_CXX_LIBRARY = "libc++";
				CLANG_ENABLE_MODULES = YES;
				CLANG_ENABLE_OBJC_ARC = YES;
				CLANG_ENABLE_OBJC_WEAK = YES;
				CLANG_WARN_BLOCK_CAPTURE_AUTORELEASING = YES;
				CLANG_WARN_BOOL_CONVERSION = YES;
				CLANG_WARN_COMMA = YES;
				CLANG_WARN_CONSTANT_CONVERSION = YES;
				CLANG_WARN_DEPRECATED_OBJC_IMPLEMENTATIONS = YES;
				CLANG_WARN_DIRECT_OBJC_ISA_USAGE = YES_ERROR;
				CLANG_WARN_DOCUMENTATION_COMMENTS = YES;
				CLANG_WARN_EMPTY_BODY = YES;
				CLANG_WARN_ENUM_CONVERSION = YES;
				CLANG_WARN_INFINITE_RECURSION = YES;
				CLANG_WARN_INT_CONVERSION = YES;
				CLANG_WARN_NON_LITERAL_NULL_CONVERSION = YES;
				CLANG_WARN_OBJC_IMPLICIT_RETAIN_SELF = YES;
				CLANG_WARN_OBJC_LITERAL_CONVERSION = YES;
				CLANG_WARN_OBJC_ROOT_CLASS = YES_ERROR;
				CLANG_WARN_RANGE_LOOP_ANALYSIS = YES;
				CLANG_WARN_STRICT_PROTOTYPES = YES;
				CLANG_WARN_SUSPICIOUS_MOVE = YES;
				CLANG_WARN_UNGUARDED_AVAILABILITY = YES_AGGRESSIVE;
				CLANG_WARN_UNREACHABLE_CODE = YES;
				CLANG_WARN__DUPLICATE_METHOD_MATCH = YES;
				CODE_SIGN_IDENTITY = "iPhone Developer";
				COPY_PHASE_STRIP = NO;
				DEBUG_INFORMATION_FORMAT = "dwarf-with-dsym";
				ENABLE_NS_ASSERTIONS = NO;
				ENABLE_STRICT_OBJC_MSGSEND = YES;
				GCC_C_LANGUAGE_STANDARD = gnu11;
				GCC_NO_COMMON_BLOCKS = YES;
				GCC_WARN_64_TO_32_BIT_CONVERSION = YES;
				GCC_WARN_ABOUT_RETURN_TYPE = YES_ERROR;
				GCC_WARN_UNDECLARED_SELECTOR = YES;
				GCC_WARN_UNINITIALIZED_AUTOS = YES_AGGRESSIVE;
				GCC_WARN_UNUSED_FUNCTION = YES;
				GCC_WARN_UNUSED_VARIABLE = YES;
				IPHONEOS_DEPLOYMENT_TARGET = 12.1;
				MTL_ENABLE_DEBUG_INFO = NO;
				MTL_FAST_MATH = YES;
				SDKROOT = iphoneos;
				SWIFT_COMPILATION_MODE = wholemodule;
				SWIFT_OPTIMIZATION_LEVEL = "-O";
				VALIDATE_PRODUCT = YES;
			};
			name = Release;
		};
		012D8FB421FEF69800675F9B /* Debug */ = {
			isa = XCBuildConfiguration;
			buildSettings = {
				ASSETCATALOG_COMPILER_APPICON_NAME = AppIcon;
				CODE_SIGN_STYLE = Automatic;
				INFOPLIST_FILE = "Kick Ass Notes/Info.plist";
				LD_RUNPATH_SEARCH_PATHS = (
					"$(inherited)",
					"@executable_path/Frameworks",
				);
				PRODUCT_BUNDLE_IDENTIFIER = "be.ehb.Kick-Ass-Notes";
				PRODUCT_NAME = "$(TARGET_NAME)";
				SWIFT_VERSION = 4.2;
				TARGETED_DEVICE_FAMILY = "1,2";
			};
			name = Debug;
		};
		012D8FB521FEF69800675F9B /* Release */ = {
			isa = XCBuildConfiguration;
			buildSettings = {
				ASSETCATALOG_COMPILER_APPICON_NAME = AppIcon;
				CODE_SIGN_STYLE = Automatic;
				INFOPLIST_FILE = "Kick Ass Notes/Info.plist";
				LD_RUNPATH_SEARCH_PATHS = (
					"$(inherited)",
					"@executable_path/Frameworks",
				);
				PRODUCT_BUNDLE_IDENTIFIER = "be.ehb.Kick-Ass-Notes";
				PRODUCT_NAME = "$(TARGET_NAME)";
				SWIFT_VERSION = 4.2;
				TARGETED_DEVICE_FAMILY = "1,2";
			};
			name = Release;
		};
/* End XCBuildConfiguration section */

/* Begin XCConfigurationList section */
		012D8F9C21FEF69200675F9B /* Build configuration list for PBXProject "Kick Ass Notes" */ = {
			isa = XCConfigurationList;
			buildConfigurations = (
				012D8FB121FEF69800675F9B /* Debug */,
				012D8FB221FEF69800675F9B /* Release */,
			);
			defaultConfigurationIsVisible = 0;
			defaultConfigurationName = Release;
		};
		012D8FB321FEF69800675F9B /* Build configuration list for PBXNativeTarget "Kick Ass Notes" */ = {
			isa = XCConfigurationList;
			buildConfigurations = (
				012D8FB421FEF69800675F9B /* Debug */,
				012D8FB521FEF69800675F9B /* Release */,
			);
			defaultConfigurationIsVisible = 0;
			defaultConfigurationName = Release;
		};
/* End XCConfigurationList section */

/* Begin XCVersionGroup section */
		012D8FB921FEF82200675F9B /* Model.xcdatamodeld */ = {
			isa = XCVersionGroup;
			children = (
				012D8FBA21FEF82200675F9B /* Model.xcdatamodel */,
			);
			currentVersion = 012D8FBA21FEF82200675F9B /* Model.xcdatamodel */;
			path = Model.xcdatamodeld;
			sourceTree = "<group>";
			versionGroupType = wrapper.xcdatamodel;
		};
/* End XCVersionGroup section */
	};
	rootObject = 012D8F9921FEF69200675F9B /* Project object */;
}
